{
  "requires": true,
  "lockfileVersion": 1,
  "dependencies": {
    "@types/adal-angular": {
      "version": "1.0.2",
      "resolved": "https://registry.npmjs.org/@types/adal-angular/-/adal-angular-1.0.2.tgz",
      "integrity": "sha512-p/Y/oFq+q8/sYyfZCpVxZ1h5OgsynbBJG4EiiUVGESSlh4Ch+aXvHfuv5ZqUSYbp0JD2ZL1L+x1T3NsLtfqC0Q=="
    },
    "azure-maps-control": {
      "version": "2.1.4",
      "resolved": "https://registry.npmjs.org/azure-maps-control/-/azure-maps-control-2.1.4.tgz",
      "integrity": "sha512-zDEe9HO7HMsDy3Jy4DLdl/1AtjF7Vv2QcDCdXNR/NektzS5toKVH/E2Dw2N1iP+909TluyDvwGA6My5nF9trQQ==",
      "requires": {
        "@types/adal-angular": "^1.0.1"
      }
    }
  }
}
